{
  "name": "cloneplatforms",
  "version": "1.0.0",
  "lockfileVersion": 3,
  "requires": true,
  "packages": {
    "": {
      "name": "cloneplatforms",
      "version": "1.0.0",
      "license": "ISC",
      "dependencies": {
        "@joynie12/platforms": "^1.0.2"
      }
    },
    "node_modules/@joynie12/platforms": {
      "version": "1.0.2",
      "resolved": "https://npm.pkg.github.com/download/@joynie12/platforms/1.0.2/3eb71a731dd18f0b451d9b8400581673325ba2ba",
      "integrity": "sha512-5xUjgGvPvf0UvtPEQSpBhzZ+zIVXVyDPGT6JaVmUoYUmETc0ZNE3ADtOx0NnsJxVuPZ4Q1X28iFyxWPcaJCNRg==",
      "license": "ISC"
    }
  }
}
